
Microsoft Visual Studio Solution File, Format Version 12.00
# Visual Studio Version 17
VisualStudioVersion = 17.8.34330.188
MinimumVisualStudioVersion = 10.0.40219.1
Project("{FAE04EC0-301F-11D3-BF4B-00C04F79EFBC}") = "practi1", "practi1\practi1.csproj", "{B00ABB08-3E3B-4264-9C6A-3DFA6DC3602F}"
EndProject
Global
	GlobalSection(SolutionConfigurationPlatforms) = preSolution
		Debug|Any CPU = Debug|Any CPU
		Release|Any CPU = Release|Any CPU
	EndGlobalSection
	GlobalSection(ProjectConfigurationPlatforms) = postSolution
		{B00ABB08-3E3B-4264-9C6A-3DFA6DC3602F}.Debug|Any CPU.ActiveCfg = Debug|Any CPU
		{B00ABB08-3E3B-4264-9C6A-3DFA6DC3602F}.Debug|Any CPU.Build.0 = Debug|Any CPU
		{B00ABB08-3E3B-4264-9C6A-3DFA6DC3602F}.Release|Any CPU.ActiveCfg = Release|Any CPU
		{B00ABB08-3E3B-4264-9C6A-3DFA6DC3602F}.Release|Any CPU.Build.0 = Release|Any CPU
	EndGlobalSection
	GlobalSection(SolutionProperties) = preSolution
		HideSolutionNode = FALSE
	EndGlobalSection
	GlobalSection(ExtensibilityGlobals) = postSolution
		SolutionGuid = {0F6B77A6-B440-472D-A969-25690AF7397C}
	EndGlobalSection
EndGlobal
